
Microsoft Visual Studio Solution File, Format Version 12.00
# Visual Studio Version 16
VisualStudioVersion = 16.0.31624.102
MinimumVisualStudioVersion = 10.0.40219.1
Project("{9A19103F-16F7-4668-BE54-9A1E7A4F7556}") = "Domain", "Domain\Domain.csproj", "{16A0E0B2-B078-4E18-B32B-E4FB0219E3C2}"
EndProject
Project("{9A19103F-16F7-4668-BE54-9A1E7A4F7556}") = "DataAccess", "DataAccess\DataAccess.csproj", "{DF608337-A9E2-44A6-B37D-2E45D4C50893}"
EndProject
Project("{9A19103F-16F7-4668-BE54-9A1E7A4F7556}") = "Business", "Business\Business.csproj", "{6016112D-6B48-45C2-8444-C77AB4FB196B}"
EndProject
Project("{9A19103F-16F7-4668-BE54-9A1E7A4F7556}") = "WebAPI", "WebAPI\WebAPI.csproj", "{FE8EA667-57F0-45CB-BB31-1647FBDA5D48}"
EndProject
Project("{9A19103F-16F7-4668-BE54-9A1E7A4F7556}") = "Core", "Core\Core.csproj", "{5EF2ECF1-5C34-456B-B569-A0B53FE1D15B}"
EndProject
Global
	GlobalSection(SolutionConfigurationPlatforms) = preSolution
		Debug|Any CPU = Debug|Any CPU
		Release|Any CPU = Release|Any CPU
	EndGlobalSection
	GlobalSection(ProjectConfigurationPlatforms) = postSolution
		{16A0E0B2-B078-4E18-B32B-E4FB0219E3C2}.Debug|Any CPU.ActiveCfg = Debug|Any CPU
		{16A0E0B2-B078-4E18-B32B-E4FB0219E3C2}.Debug|Any CPU.Build.0 = Debug|Any CPU
		{16A0E0B2-B078-4E18-B32B-E4FB0219E3C2}.Release|Any CPU.ActiveCfg = Release|Any CPU
		{16A0E0B2-B078-4E18-B32B-E4FB0219E3C2}.Release|Any CPU.Build.0 = Release|Any CPU
		{DF608337-A9E2-44A6-B37D-2E45D4C50893}.Debug|Any CPU.ActiveCfg = Debug|Any CPU
		{DF608337-A9E2-44A6-B37D-2E45D4C50893}.Debug|Any CPU.Build.0 = Debug|Any CPU
		{DF608337-A9E2-44A6-B37D-2E45D4C50893}.Release|Any CPU.ActiveCfg = Release|Any CPU
		{DF608337-A9E2-44A6-B37D-2E45D4C50893}.Release|Any CPU.Build.0 = Release|Any CPU
		{6016112D-6B48-45C2-8444-C77AB4FB196B}.Debug|Any CPU.ActiveCfg = Debug|Any CPU
		{6016112D-6B48-45C2-8444-C77AB4FB196B}.Debug|Any CPU.Build.0 = Debug|Any CPU
		{6016112D-6B48-45C2-8444-C77AB4FB196B}.Release|Any CPU.ActiveCfg = Release|Any CPU
		{6016112D-6B48-45C2-8444-C77AB4FB196B}.Release|Any CPU.Build.0 = Release|Any CPU
		{FE8EA667-57F0-45CB-BB31-1647FBDA5D48}.Debug|Any CPU.ActiveCfg = Debug|Any CPU
		{FE8EA667-57F0-45CB-BB31-1647FBDA5D48}.Debug|Any CPU.Build.0 = Debug|Any CPU
		{FE8EA667-57F0-45CB-BB31-1647FBDA5D48}.Release|Any CPU.ActiveCfg = Release|Any CPU
		{FE8EA667-57F0-45CB-BB31-1647FBDA5D48}.Release|Any CPU.Build.0 = Release|Any CPU
		{5EF2ECF1-5C34-456B-B569-A0B53FE1D15B}.Debug|Any CPU.ActiveCfg = Debug|Any CPU
		{5EF2ECF1-5C34-456B-B569-A0B53FE1D15B}.Debug|Any CPU.Build.0 = Debug|Any CPU
		{5EF2ECF1-5C34-456B-B569-A0B53FE1D15B}.Release|Any CPU.ActiveCfg = Release|Any CPU
		{5EF2ECF1-5C34-456B-B569-A0B53FE1D15B}.Release|Any CPU.Build.0 = Release|Any CPU
	EndGlobalSection
	GlobalSection(SolutionProperties) = preSolution
		HideSolutionNode = FALSE
	EndGlobalSection
	GlobalSection(ExtensibilityGlobals) = postSolution
		SolutionGuid = {99930644-D77E-45CC-A846-55F9096BB664}
	EndGlobalSection
EndGlobal
